
Microsoft Visual Studio Solution File, Format Version 12.00
# Visual Studio Version 16
VisualStudioVersion = 16.0.31129.286
MinimumVisualStudioVersion = 10.0.40219.1
Project("{FAE04EC0-301F-11D3-BF4B-00C04F79EFBC}") = "Spamgram", "Spamgram\Spamgram.csproj", "{F2AEFEC5-6EF1-4A78-8D0B-15A5C611EC7C}"
EndProject
Global
	GlobalSection(SolutionConfigurationPlatforms) = preSolution
		Debug|Any CPU = Debug|Any CPU
		Release|Any CPU = Release|Any CPU
	EndGlobalSection
	GlobalSection(ProjectConfigurationPlatforms) = postSolution
		{F2AEFEC5-6EF1-4A78-8D0B-15A5C611EC7C}.Debug|Any CPU.ActiveCfg = Debug|Any CPU
		{F2AEFEC5-6EF1-4A78-8D0B-15A5C611EC7C}.Debug|Any CPU.Build.0 = Debug|Any CPU
		{F2AEFEC5-6EF1-4A78-8D0B-15A5C611EC7C}.Release|Any CPU.ActiveCfg = Release|Any CPU
		{F2AEFEC5-6EF1-4A78-8D0B-15A5C611EC7C}.Release|Any CPU.Build.0 = Release|Any CPU
	EndGlobalSection
	GlobalSection(SolutionProperties) = preSolution
		HideSolutionNode = FALSE
	EndGlobalSection
	GlobalSection(ExtensibilityGlobals) = postSolution
		SolutionGuid = {F45A26BA-7299-4997-9048-CF58CE6077A0}
	EndGlobalSection
EndGlobal
